
Microsoft Visual Studio Solution File, Format Version 12.00
# Visual Studio Version 17
VisualStudioVersion = 17.3.32929.385
MinimumVisualStudioVersion = 10.0.40219.1
Project("{8BC9CEB8-8B4A-11D0-8D11-00A0C91BC942}") = "Testing", "Testing.vcxproj", "{524096E3-6EB9-4EA4-BE98-58DB6E360610}"
EndProject
Global
	GlobalSection(SolutionConfigurationPlatforms) = preSolution
		Debug|x64 = Debug|x64
		Debug|x86 = Debug|x86
		Release|x64 = Release|x64
		Release|x86 = Release|x86
	EndGlobalSection
	GlobalSection(ProjectConfigurationPlatforms) = postSolution
		{524096E3-6EB9-4EA4-BE98-58DB6E360610}.Debug|x64.ActiveCfg = Debug|x64
		{524096E3-6EB9-4EA4-BE98-58DB6E360610}.Debug|x64.Build.0 = Debug|x64
		{524096E3-6EB9-4EA4-BE98-58DB6E360610}.Debug|x86.ActiveCfg = Debug|Win32
		{524096E3-6EB9-4EA4-BE98-58DB6E360610}.Debug|x86.Build.0 = Debug|Win32
		{524096E3-6EB9-4EA4-BE98-58DB6E360610}.Release|x64.ActiveCfg = Release|x64
		{524096E3-6EB9-4EA4-BE98-58DB6E360610}.Release|x64.Build.0 = Release|x64
		{524096E3-6EB9-4EA4-BE98-58DB6E360610}.Release|x86.ActiveCfg = Release|Win32
		{524096E3-6EB9-4EA4-BE98-58DB6E360610}.Release|x86.Build.0 = Release|Win32
	EndGlobalSection
	GlobalSection(SolutionProperties) = preSolution
		HideSolutionNode = FALSE
	EndGlobalSection
	GlobalSection(ExtensibilityGlobals) = postSolution
		SolutionGuid = {40E854F9-2CA9-4F39-92D1-F528A0BBD326}
	EndGlobalSection
EndGlobal
